// !$*UTF8*$!
{
	archiveVersion = 1;
	classes = {
	};
	objectVersion = 46;
	objects = {

/* Begin PBXBuildFile section */
		6AF221571F64DB0500795F1F /* AppDelegate.swift in Sources */ = {isa = PBXBuildFile; fileRef = 6AF221561F64DB0500795F1F /* AppDelegate.swift */; };
		6AF221591F64DB0500795F1F /* ViewController.swift in Sources */ = {isa = PBXBuildFile; fileRef = 6AF221581F64DB0500795F1F /* ViewController.swift */; };
		6AF2215C1F64DB0500795F1F /* Main.storyboard in Resources */ = {isa = PBXBuildFile; fileRef = 6AF2215A1F64DB0500795F1F /* Main.storyboard */; };
		6AF2215E1F64DB0500795F1F /* Assets.xcassets in Resources */ = {isa = PBXBuildFile; fileRef = 6AF2215D1F64DB0500795F1F /* Assets.xcassets */; };
		6AF221611F64DB0500795F1F /* LaunchScreen.storyboard in Resources */ = {isa = PBXBuildFile; fileRef = 6AF2215F1F64DB0500795F1F /* LaunchScreen.storyboard */; };
		6AF2216C1F64DB0500795F1F /* FunnyNumberTests.swift in Sources */ = {isa = PBXBuildFile; fileRef = 6AF2216B1F64DB0500795F1F /* FunnyNumberTests.swift */; };
		6AF221771F64DB0500795F1F /* FunnyNumberUITests.swift in Sources */ = {isa = PBXBuildFile; fileRef = 6AF221761F64DB0500795F1F /* FunnyNumberUITests.swift */; };
		6AF2218D1F64E10B00795F1F /* ic_save_2x.png in Resources */ = {isa = PBXBuildFile; fileRef = 6AF2218A1F64E10B00795F1F /* ic_save_2x.png */; };
		6AF2218E1F64E10B00795F1F /* ic_save_3x.png in Resources */ = {isa = PBXBuildFile; fileRef = 6AF2218B1F64E10B00795F1F /* ic_save_3x.png */; };
		6AF2218F1F64E10B00795F1F /* ic_save.png in Resources */ = {isa = PBXBuildFile; fileRef = 6AF2218C1F64E10B00795F1F /* ic_save.png */; };
		6AF221911F64E29700795F1F /* semenov-ivan-73912.jpg in Resources */ = {isa = PBXBuildFile; fileRef = 6AF221901F64E29700795F1F /* semenov-ivan-73912.jpg */; };
/* End PBXBuildFile section */

/* Begin PBXContainerItemProxy section */
		6AF221681F64DB0500795F1F /* PBXContainerItemProxy */ = {
			isa = PBXContainerItemProxy;
			containerPortal = 6AF2214B1F64DB0500795F1F /* Project object */;
			proxyType = 1;
			remoteGlobalIDString = 6AF221521F64DB0500795F1F;
			remoteInfo = FunnyNumber;
		};
		6AF221731F64DB0500795F1F /* PBXContainerItemProxy */ = {
			isa = PBXContainerItemProxy;
			containerPortal = 6AF2214B1F64DB0500795F1F /* Project object */;
			proxyType = 1;
			remoteGlobalIDString = 6AF221521F64DB0500795F1F;
			remoteInfo = FunnyNumber;
		};
/* End PBXContainerItemProxy section */

/* Begin PBXFileReference section */
		6AF221531F64DB0500795F1F /* FunnyNumber.app */ = {isa = PBXFileReference; explicitFileType = wrapper.application; includeInIndex = 0; path = FunnyNumber.app; sourceTree = BUILT_PRODUCTS_DIR; };
		6AF221561F64DB0500795F1F /* AppDelegate.swift */ = {isa = PBXFileReference; lastKnownFileType = sourcecode.swift; path = AppDelegate.swift; sourceTree = "<group>"; };
		6AF221581F64DB0500795F1F /* ViewController.swift */ = {isa = PBXFileReference; lastKnownFileType = sourcecode.swift; path = ViewController.swift; sourceTree = "<group>"; };
		6AF2215B1F64DB0500795F1F /* Base */ = {isa = PBXFileReference; lastKnownFileType = file.storyboard; name = Base; path = Base.lproj/Main.storyboard; sourceTree = "<group>"; };
		6AF2215D1F64DB0500795F1F /* Assets.xcassets */ = {isa = PBXFileReference; lastKnownFileType = folder.assetcatalog; path = Assets.xcassets; sourceTree = "<group>"; };
		6AF221601F64DB0500795F1F /* Base */ = {isa = PBXFileReference; lastKnownFileType = file.storyboard; name = Base; path = Base.lproj/LaunchScreen.storyboard; sourceTree = "<group>"; };
		6AF221621F64DB0500795F1F /* Info.plist */ = {isa = PBXFileReference; lastKnownFileType = text.plist.xml; path = Info.plist; sourceTree = "<group>"; };
		6AF221671F64DB0500795F1F /* FunnyNumberTests.xctest */ = {isa = PBXFileReference; explicitFileType = wrapper.cfbundle; includeInIndex = 0; path = FunnyNumberTests.xctest; sourceTree = BUILT_PRODUCTS_DIR; };
		6AF2216B1F64DB0500795F1F /* FunnyNumberTests.swift */ = {isa = PBXFileReference; lastKnownFileType = sourcecode.swift; path = FunnyNumberTests.swift; sourceTree = "<group>"; };
		6AF2216D1F64DB0500795F1F /* Info.plist */ = {isa = PBXFileReference; lastKnownFileType = text.plist.xml; path = Info.plist; sourceTree = "<group>"; };
		6AF221721F64DB0500795F1F /* FunnyNumberUITests.xctest */ = {isa = PBXFileReference; explicitFileType = wrapper.cfbundle; includeInIndex = 0; path = FunnyNumberUITests.xctest; sourceTree = BUILT_PRODUCTS_DIR; };
		6AF221761F64DB0500795F1F /* FunnyNumberUITests.swift */ = {isa = PBXFileReference; lastKnownFileType = sourcecode.swift; path = FunnyNumberUITests.swift; sourceTree = "<group>"; };
		6AF221781F64DB0500795F1F /* Info.plist */ = {isa = PBXFileReference; lastKnownFileType = text.plist.xml; path = Info.plist; sourceTree = "<group>"; };
		6AF2218A1F64E10B00795F1F /* ic_save_2x.png */ = {isa = PBXFileReference; lastKnownFileType = image.png; path = ic_save_2x.png; sourceTree = "<group>"; };
		6AF2218B1F64E10B00795F1F /* ic_save_3x.png */ = {isa = PBXFileReference; lastKnownFileType = image.png; path = ic_save_3x.png; sourceTree = "<group>"; };
		6AF2218C1F64E10B00795F1F /* ic_save.png */ = {isa = PBXFileReference; lastKnownFileType = image.png; path = ic_save.png; sourceTree = "<group>"; };
		6AF221901F64E29700795F1F /* semenov-ivan-73912.jpg */ = {isa = PBXFileReference; lastKnownFileType = image.jpeg; path = "semenov-ivan-73912.jpg"; sourceTree = "<group>"; };
/* End PBXFileReference section */

/* Begin PBXFrameworksBuildPhase section */
		6AF221501F64DB0500795F1F /* Frameworks */ = {
			isa = PBXFrameworksBuildPhase;
			buildActionMask = 2147483647;
			files = (
			);
			runOnlyForDeploymentPostprocessing = 0;
		};
		6AF221641F64DB0500795F1F /* Frameworks */ = {
			isa = PBXFrameworksBuildPhase;
			buildActionMask = 2147483647;
			files = (
			);
			runOnlyForDeploymentPostprocessing = 0;
		};
		6AF2216F1F64DB0500795F1F /* Frameworks */ = {
			isa = PBXFrameworksBuildPhase;
			buildActionMask = 2147483647;
			files = (
			);
			runOnlyForDeploymentPostprocessing = 0;
		};
/* End PBXFrameworksBuildPhase section */

/* Begin PBXGroup section */
		6AF2214A1F64DB0500795F1F = {
			isa = PBXGroup;
			children = (
				6AF221551F64DB0500795F1F /* FunnyNumber */,
				6AF2216A1F64DB0500795F1F /* FunnyNumberTests */,
				6AF221751F64DB0500795F1F /* FunnyNumberUITests */,
				6AF221541F64DB0500795F1F /* Products */,
			);
			sourceTree = "<group>";
		};
		6AF221541F64DB0500795F1F /* Products */ = {
			isa = PBXGroup;
			children = (
				6AF221531F64DB0500795F1F /* FunnyNumber.app */,
				6AF221671F64DB0500795F1F /* FunnyNumberTests.xctest */,
				6AF221721F64DB0500795F1F /* FunnyNumberUITests.xctest */,
			);
			name = Products;
			sourceTree = "<group>";
		};
		6AF221551F64DB0500795F1F /* FunnyNumber */ = {
			isa = PBXGroup;
			children = (
				6AF221901F64E29700795F1F /* semenov-ivan-73912.jpg */,
				6AF2218A1F64E10B00795F1F /* ic_save_2x.png */,
				6AF2218B1F64E10B00795F1F /* ic_save_3x.png */,
				6AF2218C1F64E10B00795F1F /* ic_save.png */,
				6AF221561F64DB0500795F1F /* AppDelegate.swift */,
				6AF221581F64DB0500795F1F /* ViewController.swift */,
				6AF2215A1F64DB0500795F1F /* Main.storyboard */,
				6AF2215D1F64DB0500795F1F /* Assets.xcassets */,
				6AF2215F1F64DB0500795F1F /* LaunchScreen.storyboard */,
				6AF221621F64DB0500795F1F /* Info.plist */,
			);
			path = FunnyNumber;
			sourceTree = "<group>";
		};
		6AF2216A1F64DB0500795F1F /* FunnyNumberTests */ = {
			isa = PBXGroup;
			children = (
				6AF2216B1F64DB0500795F1F /* FunnyNumberTests.swift */,
				6AF2216D1F64DB0500795F1F /* Info.plist */,
			);
			path = FunnyNumberTests;
			sourceTree = "<group>";
		};
		6AF221751F64DB0500795F1F /* FunnyNumberUITests */ = {
			isa = PBXGroup;
			children = (
				6AF221761F64DB0500795F1F /* FunnyNumberUITests.swift */,
				6AF221781F64DB0500795F1F /* Info.plist */,
			);
			path = FunnyNumberUITests;
			sourceTree = "<group>";
		};
/* End PBXGroup section */

/* Begin PBXNativeTarget section */
		6AF221521F64DB0500795F1F /* FunnyNumber */ = {
			isa = PBXNativeTarget;
			buildConfigurationList = 6AF2217B1F64DB0500795F1F /* Build configuration list for PBXNativeTarget "FunnyNumber" */;
			buildPhases = (
				6AF2214F1F64DB0500795F1F /* Sources */,
				6AF221501F64DB0500795F1F /* Frameworks */,
				6AF221511F64DB0500795F1F /* Resources */,
			);
			buildRules = (
			);
			dependencies = (
			);
			name = FunnyNumber;
			productName = FunnyNumber;
			productReference = 6AF221531F64DB0500795F1F /* FunnyNumber.app */;
			productType = "com.apple.product-type.application";
		};
		6AF221661F64DB0500795F1F /* FunnyNumberTests */ = {
			isa = PBXNativeTarget;
			buildConfigurationList = 6AF2217E1F64DB0500795F1F /* Build configuration list for PBXNativeTarget "FunnyNumberTests" */;
			buildPhases = (
				6AF221631F64DB0500795F1F /* Sources */,
				6AF221641F64DB0500795F1F /* Frameworks */,
				6AF221651F64DB0500795F1F /* Resources */,
			);
			buildRules = (
			);
			dependencies = (
				6AF221691F64DB0500795F1F /* PBXTargetDependency */,
			);
			name = FunnyNumberTests;
			productName = FunnyNumberTests;
			productReference = 6AF221671F64DB0500795F1F /* FunnyNumberTests.xctest */;
			productType = "com.apple.product-type.bundle.unit-test";
		};
		6AF221711F64DB0500795F1F /* FunnyNumberUITests */ = {
			isa = PBXNativeTarget;
			buildConfigurationList = 6AF221811F64DB0500795F1F /* Build configuration list for PBXNativeTarget "FunnyNumberUITests" */;
			buildPhases = (
				6AF2216E1F64DB0500795F1F /* Sources */,
				6AF2216F1F64DB0500795F1F /* Frameworks */,
				6AF221701F64DB0500795F1F /* Resources */,
			);
			buildRules = (
			);
			dependencies = (
				6AF221741F64DB0500795F1F /* PBXTargetDependency */,
			);
			name = FunnyNumberUITests;
			productName = FunnyNumberUITests;
			productReference = 6AF221721F64DB0500795F1F /* FunnyNumberUITests.xctest */;
			productType = "com.apple.product-type.bundle.ui-testing";
		};
/* End PBXNativeTarget section */

/* Begin PBXProject section */
		6AF2214B1F64DB0500795F1F /* Project object */ = {
			isa = PBXProject;
			attributes = {
				LastSwiftUpdateCheck = 0830;
				LastUpgradeCheck = 0830;
				ORGANIZATIONNAME = arsa_volunteer;
				TargetAttributes = {
					6AF221521F64DB0500795F1F = {
						CreatedOnToolsVersion = 8.3.3;
						ProvisioningStyle = Automatic;
					};
					6AF221661F64DB0500795F1F = {
						CreatedOnToolsVersion = 8.3.3;
						ProvisioningStyle = Automatic;
						TestTargetID = 6AF221521F64DB0500795F1F;
					};
					6AF221711F64DB0500795F1F = {
						CreatedOnToolsVersion = 8.3.3;
						ProvisioningStyle = Automatic;
						TestTargetID = 6AF221521F64DB0500795F1F;
					};
				};
			};
			buildConfigurationList = 6AF2214E1F64DB0500795F1F /* Build configuration list for PBXProject "FunnyNumber" */;
			compatibilityVersion = "Xcode 3.2";
			developmentRegion = English;
			hasScannedForEncodings = 0;
			knownRegions = (
				en,
				Base,
			);
			mainGroup = 6AF2214A1F64DB0500795F1F;
			productRefGroup = 6AF221541F64DB0500795F1F /* Products */;
			projectDirPath = "";
			projectRoot = "";
			targets = (
				6AF221521F64DB0500795F1F /* FunnyNumber */,
				6AF221661F64DB0500795F1F /* FunnyNumberTests */,
				6AF221711F64DB0500795F1F /* FunnyNumberUITests */,
			);
		};
/* End PBXProject section */

/* Begin PBXResourcesBuildPhase section */
		6AF221511F64DB0500795F1F /* Resources */ = {
			isa = PBXResourcesBuildPhase;
			buildActionMask = 2147483647;
			files = (
				6AF2218E1F64E10B00795F1F /* ic_save_3x.png in Resources */,
				6AF2218D1F64E10B00795F1F /* ic_save_2x.png in Resources */,
				6AF221611F64DB0500795F1F /* LaunchScreen.storyboard in Resources */,
				6AF2215E1F64DB0500795F1F /* Assets.xcassets in Resources */,
				6AF2218F1F64E10B00795F1F /* ic_save.png in Resources */,
				6AF221911F64E29700795F1F /* semenov-ivan-73912.jpg in Resources */,
				6AF2215C1F64DB0500795F1F /* Main.storyboard in Resources */,
			);
			runOnlyForDeploymentPostprocessing = 0;
		};
		6AF221651F64DB0500795F1F /* Resources */ = {
			isa = PBXResourcesBuildPhase;
			buildActionMask = 2147483647;
			files = (
			);
			runOnlyForDeploymentPostprocessing = 0;
		};
		6AF221701F64DB0500795F1F /* Resources */ = {
			isa = PBXResourcesBuildPhase;
			buildActionMask = 2147483647;
			files = (
			);
			runOnlyForDeploymentPostprocessing = 0;
		};
/* End PBXResourcesBuildPhase section */

/* Begin PBXSourcesBuildPhase section */
		6AF2214F1F64DB0500795F1F /* Sources */ = {
			isa = PBXSourcesBuildPhase;
			buildActionMask = 2147483647;
			files = (
				6AF221591F64DB0500795F1F /* ViewController.swift in Sources */,
				6AF221571F64DB0500795F1F /* AppDelegate.swift in Sources */,
			);
			runOnlyForDeploymentPostprocessing = 0;
		};
		6AF221631F64DB0500795F1F /* Sources */ = {
			isa = PBXSourcesBuildPhase;
			buildActionMask = 2147483647;
			files = (
				6AF2216C1F64DB0500795F1F /* FunnyNumberTests.swift in Sources */,
			);
			runOnlyForDeploymentPostprocessing = 0;
		};
		6AF2216E1F64DB0500795F1F /* Sources */ = {
			isa = PBXSourcesBuildPhase;
			buildActionMask = 2147483647;
			files = (
				6AF221771F64DB0500795F1F /* FunnyNumberUITests.swift in Sources */,
			);
			runOnlyForDeploymentPostprocessing = 0;
		};
/* End PBXSourcesBuildPhase section */

/* Begin PBXTargetDependency section */
		6AF221691F64DB0500795F1F /* PBXTargetDependency */ = {
			isa = PBXTargetDependency;
			target = 6AF221521F64DB0500795F1F /* FunnyNumber */;
			targetProxy = 6AF221681F64DB0500795F1F /* PBXContainerItemProxy */;
		};
		6AF221741F64DB0500795F1F /* PBXTargetDependency */ = {
			isa = PBXTargetDependency;
			target = 6AF221521F64DB0500795F1F /* FunnyNumber */;
			targetProxy = 6AF221731F64DB0500795F1F /* PBXContainerItemProxy */;
		};
/* End PBXTargetDependency section */

/* Begin PBXVariantGroup section */
		6AF2215A1F64DB0500795F1F /* Main.storyboard */ = {
			isa = PBXVariantGroup;
			children = (
				6AF2215B1F64DB0500795F1F /* Base */,
			);
			name = Main.storyboard;
			sourceTree = "<group>";
		};
		6AF2215F1F64DB0500795F1F /* LaunchScreen.storyboard */ = {
			isa = PBXVariantGroup;
			children = (
				6AF221601F64DB0500795F1F /* Base */,
			);
			name = LaunchScreen.storyboard;
			sourceTree = "<group>";
		};
/* End PBXVariantGroup section */

/* Begin XCBuildConfiguration section */
		6AF221791F64DB0500795F1F /* Debug */ = {
			isa = XCBuildConfiguration;
			buildSettings = {
				ALWAYS_SEARCH_USER_PATHS = NO;
				CLANG_ANALYZER_NONNULL = YES;
				CLANG_ANALYZER_NUMBER_OBJECT_CONVERSION = YES_AGGRESSIVE;
				CLANG_CXX_LANGUAGE_STANDARD = "gnu++0x";
				CLANG_CXX_LIBRARY = "libc++";
				CLANG_ENABLE_MODULES = YES;
				CLANG_ENABLE_OBJC_ARC = YES;
				CLANG_WARN_BOOL_CONVERSION = YES;
				CLANG_WARN_CONSTANT_CONVERSION = YES;
				CLANG_WARN_DIRECT_OBJC_ISA_USAGE = YES_ERROR;
				CLANG_WARN_DOCUMENTATION_COMMENTS = YES;
				CLANG_WARN_EMPTY_BODY = YES;
				CLANG_WARN_ENUM_CONVERSION = YES;
				CLANG_WARN_INFINITE_RECURSION = YES;
				CLANG_WARN_INT_CONVERSION = YES;
				CLANG_WARN_OBJC_ROOT_CLASS = YES_ERROR;
				CLANG_WARN_SUSPICIOUS_MOVE = YES;
				CLANG_WARN_UNREACHABLE_CODE = YES;
				CLANG_WARN__DUPLICATE_METHOD_MATCH = YES;
				"CODE_SIGN_IDENTITY[sdk=iphoneos*]" = "iPhone Developer";
				COPY_PHASE_STRIP = NO;
				DEBUG_INFORMATION_FORMAT = dwarf;
				ENABLE_STRICT_OBJC_MSGSEND = YES;
				ENABLE_TESTABILITY = YES;
				GCC_C_LANGUAGE_STANDARD = gnu99;
				GCC_DYNAMIC_NO_PIC = NO;
				GCC_NO_COMMON_BLOCKS = YES;
				GCC_OPTIMIZATION_LEVEL = 0;
				GCC_PREPROCESSOR_DEFINITIONS = (
					"DEBUG=1",
					"$(inherited)",
				);
				GCC_WARN_64_TO_32_BIT_CONVERSION = YES;
				GCC_WARN_ABOUT_RETURN_TYPE = YES_ERROR;
				GCC_WARN_UNDECLARED_SELECTOR = YES;
				GCC_WARN_UNINITIALIZED_AUTOS = YES_AGGRESSIVE;
				GCC_WARN_UNUSED_FUNCTION = YES;
				GCC_WARN_UNUSED_VARIABLE = YES;
				IPHONEOS_DEPLOYMENT_TARGET = 10.3;
				MTL_ENABLE_DEBUG_INFO = YES;
				ONLY_ACTIVE_ARCH = YES;
				SDKROOT = iphoneos;
				SWIFT_ACTIVE_COMPILATION_CONDITIONS = DEBUG;
				SWIFT_OPTIMIZATION_LEVEL = "-Onone";
				TARGETED_DEVICE_FAMILY = "1,2";
			};
			name = Debug;
		};
		6AF2217A1F64DB0500795F1F /* Release */ = {
			isa = XCBuildConfiguration;
			buildSettings = {
				ALWAYS_SEARCH_USER_PATHS = NO;
				CLANG_ANALYZER_NONNULL = YES;
				CLANG_ANALYZER_NUMBER_OBJECT_CONVERSION = YES_AGGRESSIVE;
				CLANG_CXX_LANGUAGE_STANDARD = "gnu++0x";
				CLANG_CXX_LIBRARY = "libc++";
				CLANG_ENABLE_MODULES = YES;
				CLANG_ENABLE_OBJC_ARC = YES;
				CLANG_WARN_BOOL_CONVERSION = YES;
				CLANG_WARN_CONSTANT_CONVERSION = YES;
				CLANG_WARN_DIRECT_OBJC_ISA_USAGE = YES_ERROR;
				CLANG_WARN_DOCUMENTATION_COMMENTS = YES;
				CLANG_WARN_EMPTY_BODY = YES;
				CLANG_WARN_ENUM_CONVERSION = YES;
				CLANG_WARN_INFINITE_RECURSION = YES;
				CLANG_WARN_INT_CONVERSION = YES;
				CLANG_WARN_OBJC_ROOT_CLASS = YES_ERROR;
				CLANG_WARN_SUSPICIOUS_MOVE = YES;
				CLANG_WARN_UNREACHABLE_CODE = YES;
				CLANG_WARN__DUPLICATE_METHOD_MATCH = YES;
				"CODE_SIGN_IDENTITY[sdk=iphoneos*]" = "iPhone Developer";
				COPY_PHASE_STRIP = NO;
				DEBUG_INFORMATION_FORMAT = "dwarf-with-dsym";
				ENABLE_NS_ASSERTIONS = NO;
				ENABLE_STRICT_OBJC_MSGSEND = YES;
				GCC_C_LANGUAGE_STANDARD = gnu99;
				GCC_NO_COMMON_BLOCKS = YES;
				GCC_WARN_64_TO_32_BIT_CONVERSION = YES;
				GCC_WARN_ABOUT_RETURN_TYPE = YES_ERROR;
				GCC_WARN_UNDECLARED_SELECTOR = YES;
				GCC_WARN_UNINITIALIZED_AUTOS = YES_AGGRESSIVE;
				GCC_WARN_UNUSED_FUNCTION = YES;
				GCC_WARN_UNUSED_VARIABLE = YES;
				IPHONEOS_DEPLOYMENT_TARGET = 10.3;
				MTL_ENABLE_DEBUG_INFO = NO;
				SDKROOT = iphoneos;
				SWIFT_OPTIMIZATION_LEVEL = "-Owholemodule";
				TARGETED_DEVICE_FAMILY = "1,2";
				VALIDATE_PRODUCT = YES;
			};
			name = Release;
		};
		6AF2217C1F64DB0500795F1F /* Debug */ = {
			isa = XCBuildConfiguration;
			buildSettings = {
				ASSETCATALOG_COMPILER_APPICON_NAME = AppIcon;
				INFOPLIST_FILE = FunnyNumber/Info.plist;
				LD_RUNPATH_SEARCH_PATHS = "$(inherited) @executable_path/Frameworks";
				PRODUCT_BUNDLE_IDENTIFIER = Volunteersofttech.FunnyNumber;
				PRODUCT_NAME = "$(TARGET_NAME)";
				SWIFT_VERSION = 3.0;
			};
			name = Debug;
		};
		6AF2217D1F64DB0500795F1F /* Release */ = {
			isa = XCBuildConfiguration;
			buildSettings = {
				ASSETCATALOG_COMPILER_APPICON_NAME = AppIcon;
				INFOPLIST_FILE = FunnyNumber/Info.plist;
				LD_RUNPATH_SEARCH_PATHS = "$(inherited) @executable_path/Frameworks";
				PRODUCT_BUNDLE_IDENTIFIER = Volunteersofttech.FunnyNumber;
				PRODUCT_NAME = "$(TARGET_NAME)";
				SWIFT_VERSION = 3.0;
			};
			name = Release;
		};
		6AF2217F1F64DB0500795F1F /* Debug */ = {
			isa = XCBuildConfiguration;
			buildSettings = {
				ALWAYS_EMBED_SWIFT_STANDARD_LIBRARIES = YES;
				BUNDLE_LOADER = "$(TEST_HOST)";
				INFOPLIST_FILE = FunnyNumberTests/Info.plist;
				LD_RUNPATH_SEARCH_PATHS = "$(inherited) @executable_path/Frameworks @loader_path/Frameworks";
				PRODUCT_BUNDLE_IDENTIFIER = Volunteersofttech.FunnyNumberTests;
				PRODUCT_NAME = "$(TARGET_NAME)";
				SWIFT_VERSION = 3.0;
				TEST_HOST = "$(BUILT_PRODUCTS_DIR)/FunnyNumber.app/FunnyNumber";
			};
			name = Debug;
		};
		6AF221801F64DB0500795F1F /* Release */ = {
			isa = XCBuildConfiguration;
			buildSettings = {
				ALWAYS_EMBED_SWIFT_STANDARD_LIBRARIES = YES;
				BUNDLE_LOADER = "$(TEST_HOST)";
				INFOPLIST_FILE = FunnyNumberTests/Info.plist;
				LD_RUNPATH_SEARCH_PATHS = "$(inherited) @executable_path/Frameworks @loader_path/Frameworks";
				PRODUCT_BUNDLE_IDENTIFIER = Volunteersofttech.FunnyNumberTests;
				PRODUCT_NAME = "$(TARGET_NAME)";
				SWIFT_VERSION = 3.0;
				TEST_HOST = "$(BUILT_PRODUCTS_DIR)/FunnyNumber.app/FunnyNumber";
			};
			name = Release;
		};
		6AF221821F64DB0500795F1F /* Debug */ = {
			isa = XCBuildConfiguration;
			buildSettings = {
				ALWAYS_EMBED_SWIFT_STANDARD_LIBRARIES = YES;
				INFOPLIST_FILE = FunnyNumberUITests/Info.plist;
				LD_RUNPATH_SEARCH_PATHS = "$(inherited) @executable_path/Frameworks @loader_path/Frameworks";
				PRODUCT_BUNDLE_IDENTIFIER = Volunteersofttech.FunnyNumberUITests;
				PRODUCT_NAME = "$(TARGET_NAME)";
				SWIFT_VERSION = 3.0;
				TEST_TARGET_NAME = FunnyNumber;
			};
			name = Debug;
		};
		6AF221831F64DB0500795F1F /* Release */ = {
			isa = XCBuildConfiguration;
			buildSettings = {
				ALWAYS_EMBED_SWIFT_STANDARD_LIBRARIES = YES;
				INFOPLIST_FILE = FunnyNumberUITests/Info.plist;
				LD_RUNPATH_SEARCH_PATHS = "$(inherited) @executable_path/Frameworks @loader_path/Frameworks";
				PRODUCT_BUNDLE_IDENTIFIER = Volunteersofttech.FunnyNumberUITests;
				PRODUCT_NAME = "$(TARGET_NAME)";
				SWIFT_VERSION = 3.0;
				TEST_TARGET_NAME = FunnyNumber;
			};
			name = Release;
		};
/* End XCBuildConfiguration section */

/* Begin XCConfigurationList section */
		6AF2214E1F64DB0500795F1F /* Build configuration list for PBXProject "FunnyNumber" */ = {
			isa = XCConfigurationList;
			buildConfigurations = (
				6AF221791F64DB0500795F1F /* Debug */,
				6AF2217A1F64DB0500795F1F /* Release */,
			);
			defaultConfigurationIsVisible = 0;
			defaultConfigurationName = Release;
		};
		6AF2217B1F64DB0500795F1F /* Build configuration list for PBXNativeTarget "FunnyNumber" */ = {
			isa = XCConfigurationList;
			buildConfigurations = (
				6AF2217C1F64DB0500795F1F /* Debug */,
				6AF2217D1F64DB0500795F1F /* Release */,
			);
			defaultConfigurationIsVisible = 0;
		};
		6AF2217E1F64DB0500795F1F /* Build configuration list for PBXNativeTarget "FunnyNumberTests" */ = {
			isa = XCConfigurationList;
			buildConfigurations = (
				6AF2217F1F64DB0500795F1F /* Debug */,
				6AF221801F64DB0500795F1F /* Release */,
			);
			defaultConfigurationIsVisible = 0;
		};
		6AF221811F64DB0500795F1F /* Build configuration list for PBXNativeTarget "FunnyNumberUITests" */ = {
			isa = XCConfigurationList;
			buildConfigurations = (
				6AF221821F64DB0500795F1F /* Debug */,
				6AF221831F64DB0500795F1F /* Release */,
			);
			defaultConfigurationIsVisible = 0;
		};
/* End XCConfigurationList section */
	};
	rootObject = 6AF2214B1F64DB0500795F1F /* Project object */;
}
